
Microsoft Visual Studio Solution File, Format Version 12.00
# Visual Studio Version 16
VisualStudioVersion = 16.0.810.6
MinimumVisualStudioVersion = 10.0.40219.1
Project("{FAE04EC0-301F-11D3-BF4B-00C04F79EFBC}") = "api.Tests", "api.Tests\api.Tests.csproj", "{3966E7E7-0679-416C-8101-39C85A52A200}"
EndProject
Project("{FAE04EC0-301F-11D3-BF4B-00C04F79EFBC}") = "api", "api\api.csproj", "{D1380A4A-1187-4CAB-AA54-1B53DDE1FC07}"
EndProject
Project("{2150E333-8FDC-42A3-9474-1A3956D46DE8}") = "Solution Items", "Solution Items", "{C4D3A6B2-5421-4657-BA14-ACF9EB8926EC}"
EndProject
Global
	GlobalSection(SolutionConfigurationPlatforms) = preSolution
		Debug|Any CPU = Debug|Any CPU
		Release|Any CPU = Release|Any CPU
	EndGlobalSection
	GlobalSection(ProjectConfigurationPlatforms) = postSolution
		{3966E7E7-0679-416C-8101-39C85A52A200}.Debug|Any CPU.ActiveCfg = Debug|Any CPU
		{3966E7E7-0679-416C-8101-39C85A52A200}.Debug|Any CPU.Build.0 = Debug|Any CPU
		{3966E7E7-0679-416C-8101-39C85A52A200}.Release|Any CPU.ActiveCfg = Release|Any CPU
		{3966E7E7-0679-416C-8101-39C85A52A200}.Release|Any CPU.Build.0 = Release|Any CPU
		{D1380A4A-1187-4CAB-AA54-1B53DDE1FC07}.Debug|Any CPU.ActiveCfg = Debug|Any CPU
		{D1380A4A-1187-4CAB-AA54-1B53DDE1FC07}.Debug|Any CPU.Build.0 = Debug|Any CPU
		{D1380A4A-1187-4CAB-AA54-1B53DDE1FC07}.Release|Any CPU.ActiveCfg = Release|Any CPU
		{D1380A4A-1187-4CAB-AA54-1B53DDE1FC07}.Release|Any CPU.Build.0 = Release|Any CPU
	EndGlobalSection
	GlobalSection(SolutionProperties) = preSolution
		HideSolutionNode = FALSE
	EndGlobalSection
	GlobalSection(ExtensibilityGlobals) = postSolution
		SolutionGuid = {6277D8C1-5B6F-4E63-A547-BDD6EEC4E454}
	EndGlobalSection
EndGlobal
